
Microsoft Visual Studio Solution File, Format Version 12.00
# Visual Studio 15
VisualStudioVersion = 15.0.28307.421
MinimumVisualStudioVersion = 10.0.40219.1
Project("{9A19103F-16F7-4668-BE54-9A1E7A4F7556}") = "ConsCRUD", "ConsCRUD\ConsCRUD.csproj", "{87644CA6-B0FB-4F3D-9751-947F2D1C4BF5}"
EndProject
Project("{FAE04EC0-301F-11D3-BF4B-00C04F79EFBC}") = "ConsEF", "ConsEF\ConsEF.csproj", "{B655D8F7-3C29-4748-B916-E161594CCF05}"
EndProject
Global
	GlobalSection(SolutionConfigurationPlatforms) = preSolution
		Debug|Any CPU = Debug|Any CPU
		Release|Any CPU = Release|Any CPU
	EndGlobalSection
	GlobalSection(ProjectConfigurationPlatforms) = postSolution
		{87644CA6-B0FB-4F3D-9751-947F2D1C4BF5}.Debug|Any CPU.ActiveCfg = Debug|Any CPU
		{87644CA6-B0FB-4F3D-9751-947F2D1C4BF5}.Debug|Any CPU.Build.0 = Debug|Any CPU
		{87644CA6-B0FB-4F3D-9751-947F2D1C4BF5}.Release|Any CPU.ActiveCfg = Release|Any CPU
		{87644CA6-B0FB-4F3D-9751-947F2D1C4BF5}.Release|Any CPU.Build.0 = Release|Any CPU
		{B655D8F7-3C29-4748-B916-E161594CCF05}.Debug|Any CPU.ActiveCfg = Debug|Any CPU
		{B655D8F7-3C29-4748-B916-E161594CCF05}.Debug|Any CPU.Build.0 = Debug|Any CPU
		{B655D8F7-3C29-4748-B916-E161594CCF05}.Release|Any CPU.ActiveCfg = Release|Any CPU
		{B655D8F7-3C29-4748-B916-E161594CCF05}.Release|Any CPU.Build.0 = Release|Any CPU
	EndGlobalSection
	GlobalSection(SolutionProperties) = preSolution
		HideSolutionNode = FALSE
	EndGlobalSection
	GlobalSection(ExtensibilityGlobals) = postSolution
		SolutionGuid = {7E13C27C-7BF0-49F3-8294-F5757FAC90CC}
	EndGlobalSection
EndGlobal
